
Microsoft Visual Studio Solution File, Format Version 12.00
Project("{FAE04EC0-301F-11D3-BF4B-00C04F79EFBC}") = "BookstoreManagementSystem", "BookstoreManagementSystem\BookstoreManagementSystem.csproj", "{C9273CB2-DD2A-4C88-B781-B00AA2578EC3}"
EndProject
Project("{FAE04EC0-301F-11D3-BF4B-00C04F79EFBC}") = "Application", "Application\Application.csproj", "{77B83A21-8524-4058-9443-7C29A1CACF0A}"
EndProject
Project("{FAE04EC0-301F-11D3-BF4B-00C04F79EFBC}") = "Domain", "Domain\Domain.csproj", "{522DE04A-E57A-472B-9A99-00EBEB59F8FF}"
EndProject
Project("{FAE04EC0-301F-11D3-BF4B-00C04F79EFBC}") = "Infrastructure", "Infrastructure\Infrastructure.csproj", "{2E61614E-CCF6-49AA-B407-F8DFF26401E9}"
EndProject
Global
	GlobalSection(SolutionConfigurationPlatforms) = preSolution
		Debug|Any CPU = Debug|Any CPU
		Release|Any CPU = Release|Any CPU
	EndGlobalSection
	GlobalSection(ProjectConfigurationPlatforms) = postSolution
		{C9273CB2-DD2A-4C88-B781-B00AA2578EC3}.Debug|Any CPU.ActiveCfg = Debug|Any CPU
		{C9273CB2-DD2A-4C88-B781-B00AA2578EC3}.Debug|Any CPU.Build.0 = Debug|Any CPU
		{C9273CB2-DD2A-4C88-B781-B00AA2578EC3}.Release|Any CPU.ActiveCfg = Release|Any CPU
		{C9273CB2-DD2A-4C88-B781-B00AA2578EC3}.Release|Any CPU.Build.0 = Release|Any CPU
		{77B83A21-8524-4058-9443-7C29A1CACF0A}.Debug|Any CPU.ActiveCfg = Debug|Any CPU
		{77B83A21-8524-4058-9443-7C29A1CACF0A}.Debug|Any CPU.Build.0 = Debug|Any CPU
		{77B83A21-8524-4058-9443-7C29A1CACF0A}.Release|Any CPU.ActiveCfg = Release|Any CPU
		{77B83A21-8524-4058-9443-7C29A1CACF0A}.Release|Any CPU.Build.0 = Release|Any CPU
		{522DE04A-E57A-472B-9A99-00EBEB59F8FF}.Debug|Any CPU.ActiveCfg = Debug|Any CPU
		{522DE04A-E57A-472B-9A99-00EBEB59F8FF}.Debug|Any CPU.Build.0 = Debug|Any CPU
		{522DE04A-E57A-472B-9A99-00EBEB59F8FF}.Release|Any CPU.ActiveCfg = Release|Any CPU
		{522DE04A-E57A-472B-9A99-00EBEB59F8FF}.Release|Any CPU.Build.0 = Release|Any CPU
		{2E61614E-CCF6-49AA-B407-F8DFF26401E9}.Debug|Any CPU.ActiveCfg = Debug|Any CPU
		{2E61614E-CCF6-49AA-B407-F8DFF26401E9}.Debug|Any CPU.Build.0 = Debug|Any CPU
		{2E61614E-CCF6-49AA-B407-F8DFF26401E9}.Release|Any CPU.ActiveCfg = Release|Any CPU
		{2E61614E-CCF6-49AA-B407-F8DFF26401E9}.Release|Any CPU.Build.0 = Release|Any CPU
	EndGlobalSection
EndGlobal
